
Microsoft Visual Studio Solution File, Format Version 12.00
# Visual Studio 2013
VisualStudioVersion = 12.0.30723.0
MinimumVisualStudioVersion = 10.0.40219.1
Project("{8BC9CEB8-8B4A-11D0-8D11-00A0C91BC942}") = "Boxing-1", "Boxing-1\Boxing-1.vcxproj", "{5AB62E44-ED2C-49A0-B2C3-5E8B9E76165D}"
EndProject
Global
	GlobalSection(SolutionConfigurationPlatforms) = preSolution
		Debug|Win32 = Debug|Win32
		Release|Win32 = Release|Win32
	EndGlobalSection
	GlobalSection(ProjectConfigurationPlatforms) = postSolution
		{5AB62E44-ED2C-49A0-B2C3-5E8B9E76165D}.Debug|Win32.ActiveCfg = Debug|Win32
		{5AB62E44-ED2C-49A0-B2C3-5E8B9E76165D}.Debug|Win32.Build.0 = Debug|Win32
		{5AB62E44-ED2C-49A0-B2C3-5E8B9E76165D}.Release|Win32.ActiveCfg = Release|Win32
		{5AB62E44-ED2C-49A0-B2C3-5E8B9E76165D}.Release|Win32.Build.0 = Release|Win32
	EndGlobalSection
	GlobalSection(SolutionProperties) = preSolution
		HideSolutionNode = FALSE
	EndGlobalSection
EndGlobal
